
Microsoft Visual Studio Solution File, Format Version 12.00
# Visual Studio 15
VisualStudioVersion = 15.0.28307.645
MinimumVisualStudioVersion = 10.0.40219.1
Project("{FAE04EC0-301F-11D3-BF4B-00C04F79EFBC}") = "ControllerVision", "ControllerVision\ControllerVision.csproj", "{A5BAF0DA-AA18-47DA-A93A-F478F50549DD}"
EndProject
Global
	GlobalSection(SolutionConfigurationPlatforms) = preSolution
		Debug|Any CPU = Debug|Any CPU
		Release|Any CPU = Release|Any CPU
	EndGlobalSection
	GlobalSection(ProjectConfigurationPlatforms) = postSolution
		{A5BAF0DA-AA18-47DA-A93A-F478F50549DD}.Debug|Any CPU.ActiveCfg = Debug|Any CPU
		{A5BAF0DA-AA18-47DA-A93A-F478F50549DD}.Debug|Any CPU.Build.0 = Debug|Any CPU
		{A5BAF0DA-AA18-47DA-A93A-F478F50549DD}.Release|Any CPU.ActiveCfg = Release|Any CPU
		{A5BAF0DA-AA18-47DA-A93A-F478F50549DD}.Release|Any CPU.Build.0 = Release|Any CPU
	EndGlobalSection
	GlobalSection(SolutionProperties) = preSolution
		HideSolutionNode = FALSE
	EndGlobalSection
	GlobalSection(ExtensibilityGlobals) = postSolution
		SolutionGuid = {B51B2AE0-EAEF-4255-9521-5C668EAB8FBE}
	EndGlobalSection
EndGlobal
